<?xml version="1.0" encoding="utf-8"?>
<Project ToolsVersion="4.0" xmlns="http://schemas.microsoft.com/developer/msbuild/2003">
  <ItemGroup>
    <Filter Include="Source Files">
      <UniqueIdentifier>{4FC737F1-C7A5-4376-A066-2A32D752A2FF}</UniqueIdentifier>
      <Extensions>cpp;c;cc;cxx;c++;cppm;ixx;def;odl;idl;hpj;bat;asm;asmx</Extensions>
    </Filter>
    <Filter Include="Header Files">
      <UniqueIdentifier>{93995380-89BD-4b04-88EB-625FBE52EBFB}</UniqueIdentifier>
      <Extensions>h;hh;hpp;hxx;h++;hm;inl;inc;ipp;xsd</Extensions>
    </Filter>
    <Filter Include="Resource Files">
      <UniqueIdentifier>{67DA6AB6-F800-4c08-8B7A-83BB121AAD01}</UniqueIdentifier>
      <Extensions>rc;ico;cur;bmp;dlg;rc2;rct;bin;rgs;gif;jpg;jpeg;jpe;resx;tiff;tif;png;wav;mfcribbon-ms</Extensions>
    </Filter>
    <Filter Include="Source Files\Game">
      <UniqueIdentifier>{40e712f9-d41d-4e4a-b7fe-c1ffdde417dd}</UniqueIdentifier>
    </Filter>
    <Filter Include="Source Files\Player">
      <UniqueIdentifier>{07ac9522-ef1e-4c3d-8d98-ab93e67fceca}</UniqueIdentifier>
    </Filter>
    <Filter Include="Source Files\World">
      <UniqueIdentifier>{1026a870-9994-4aaa-8ffd-bb20e1683f2f}</UniqueIdentifier>
    </Filter>
    <Filter Include="Source Files\Entities">
      <UniqueIdentifier>{e569dda1-c3c3-47b0-a5e2-3fa43143789d}</UniqueIdentifier>
    </Filter>
    <Filter Include="Source Files\Utils">
      <UniqueIdentifier>{14fbbcb3-4603-45f1-9163-4c62d5b699b4}</UniqueIdentifier>
    </Filter>
    <Filter Include="Source Files\Resources">
      <UniqueIdentifier>{5843faf9-67f8-4772-bbee-dde305a36a24}</UniqueIdentifier>
    </Filter>
    <Filter Include="Source Files\UI">
      <UniqueIdentifier>{46cc6f33-e2fa-46bd-bac6-09880cc7b91a}</UniqueIdentifier>
    </Filter>
  </ItemGroup>
  <ItemGroup>
    <ClCompile Include="Main.cpp">
      <Filter>Source Files</Filter>
    </ClCompile>
    <ClCompile Include="Game.cpp">
      <Filter>Source Files\Game</Filter>
    </ClCompile>
    <ClCompile Include="Player.cpp">
      <Filter>Source Files\Player</Filter>
    </ClCompile>
    <ClCompile Include="Level.cpp">
      <Filter>Source Files\World</Filter>
    </ClCompile>
    <ClCompile Include="ResourceManager.cpp">
      <Filter>Source Files\Resources</Filter>
    </ClCompile>
    <ClCompile Include="HUD.cpp">
      <Filter>Source Files\UI</Filter>
    </ClCompile>
    <ClCompile Include="Entity.cpp">
      <Filter>Source Files\Entities</Filter>
    </ClCompile>
    <ClCompile Include="TextureManager.cpp">
      <Filter>Source Files</Filter>
    </ClCompile>
  </ItemGroup>
  <ItemGroup>
    <ClInclude Include="Game.hpp">
      <Filter>Source Files\Game</Filter>
    </ClInclude>
    <ClInclude Include="Player.hpp">
      <Filter>Source Files\Player</Filter>
    </ClInclude>
    <ClInclude Include="Level.hpp">
      <Filter>Source Files\World</Filter>
    </ClInclude>
    <ClInclude Include="ResourceManager.hpp">
      <Filter>Source Files\Resources</Filter>
    </ClInclude>
    <ClInclude Include="HUD.hpp">
      <Filter>Source Files\UI</Filter>
    </ClInclude>
    <ClInclude Include="Math.hpp">
      <Filter>Source Files\Utils</Filter>
    </ClInclude>
    <ClInclude Include="Constants.hpp">
      <Filter>Source Files\Utils</Filter>
    </ClInclude>
    <ClInclude Include="resources.h">
      <Filter>Header Files</Filter>
    </ClInclude>
    <ClInclude Include="Entity.hpp">
      <Filter>Source Files\Entities</Filter>
    </ClInclude>
    <ClInclude Include="TextureManager.hpp">
      <Filter>Header Files</Filter>
    </ClInclude>
  </ItemGroup>
  <ItemGroup>
    <ResourceCompile Include="supermariogemini.rc">
      <Filter>Resource Files</Filter>
    </ResourceCompile>
  </ItemGroup>
</Project>